
Microsoft Visual Studio Solution File, Format Version 12.00
# Visual Studio Version 17
VisualStudioVersion = 17.1.32328.378
MinimumVisualStudioVersion = 10.0.40219.1
Project("{FAE04EC0-301F-11D3-BF4B-00C04F79EFBC}") = "FtxApi", "FtxApi\FtxApi.csproj", "{0DF6B050-BF66-4F89-AF05-1376CD9C95B7}"
EndProject
Project("{FAE04EC0-301F-11D3-BF4B-00C04F79EFBC}") = "FtxApi_Test", "FtxApi_Test\FtxApi_Test.csproj", "{CAC52920-EA13-47D8-98AC-C0776C6126FC}"
EndProject
Project("{9A19103F-16F7-4668-BE54-9A1E7A4F7556}") = "RunTest", "RunTest\RunTest.csproj", "{44AEF3A9-A52B-4935-83F7-6735C666E7C0}"
EndProject
Project("{9A19103F-16F7-4668-BE54-9A1E7A4F7556}") = "BtcFng", "FunctionApp\BtcFng.csproj", "{1BF77DF3-708F-4304-8982-C60A72533601}"
EndProject
Project("{9A19103F-16F7-4668-BE54-9A1E7A4F7556}") = "MeanReversion", "MeanReversion\MeanReversion.csproj", "{11EBC735-CDF4-4AAD-A8E8-FC9EC574A995}"
EndProject
Global
	GlobalSection(SolutionConfigurationPlatforms) = preSolution
		Debug|Any CPU = Debug|Any CPU
		Release|Any CPU = Release|Any CPU
	EndGlobalSection
	GlobalSection(ProjectConfigurationPlatforms) = postSolution
		{0DF6B050-BF66-4F89-AF05-1376CD9C95B7}.Debug|Any CPU.ActiveCfg = Debug|Any CPU
		{0DF6B050-BF66-4F89-AF05-1376CD9C95B7}.Debug|Any CPU.Build.0 = Debug|Any CPU
		{0DF6B050-BF66-4F89-AF05-1376CD9C95B7}.Release|Any CPU.ActiveCfg = Release|Any CPU
		{0DF6B050-BF66-4F89-AF05-1376CD9C95B7}.Release|Any CPU.Build.0 = Release|Any CPU
		{CAC52920-EA13-47D8-98AC-C0776C6126FC}.Debug|Any CPU.ActiveCfg = Debug|Any CPU
		{CAC52920-EA13-47D8-98AC-C0776C6126FC}.Debug|Any CPU.Build.0 = Debug|Any CPU
		{CAC52920-EA13-47D8-98AC-C0776C6126FC}.Release|Any CPU.ActiveCfg = Release|Any CPU
		{CAC52920-EA13-47D8-98AC-C0776C6126FC}.Release|Any CPU.Build.0 = Release|Any CPU
		{44AEF3A9-A52B-4935-83F7-6735C666E7C0}.Debug|Any CPU.ActiveCfg = Debug|Any CPU
		{44AEF3A9-A52B-4935-83F7-6735C666E7C0}.Debug|Any CPU.Build.0 = Debug|Any CPU
		{44AEF3A9-A52B-4935-83F7-6735C666E7C0}.Release|Any CPU.ActiveCfg = Release|Any CPU
		{44AEF3A9-A52B-4935-83F7-6735C666E7C0}.Release|Any CPU.Build.0 = Release|Any CPU
		{1BF77DF3-708F-4304-8982-C60A72533601}.Debug|Any CPU.ActiveCfg = Debug|Any CPU
		{1BF77DF3-708F-4304-8982-C60A72533601}.Debug|Any CPU.Build.0 = Debug|Any CPU
		{1BF77DF3-708F-4304-8982-C60A72533601}.Release|Any CPU.ActiveCfg = Release|Any CPU
		{1BF77DF3-708F-4304-8982-C60A72533601}.Release|Any CPU.Build.0 = Release|Any CPU
		{11EBC735-CDF4-4AAD-A8E8-FC9EC574A995}.Debug|Any CPU.ActiveCfg = Debug|Any CPU
		{11EBC735-CDF4-4AAD-A8E8-FC9EC574A995}.Debug|Any CPU.Build.0 = Debug|Any CPU
		{11EBC735-CDF4-4AAD-A8E8-FC9EC574A995}.Release|Any CPU.ActiveCfg = Release|Any CPU
		{11EBC735-CDF4-4AAD-A8E8-FC9EC574A995}.Release|Any CPU.Build.0 = Release|Any CPU
	EndGlobalSection
	GlobalSection(SolutionProperties) = preSolution
		HideSolutionNode = FALSE
	EndGlobalSection
	GlobalSection(ExtensibilityGlobals) = postSolution
		SolutionGuid = {D979F2D7-80FA-4506-A097-7412C5C4D688}
	EndGlobalSection
EndGlobal
